// !$*UTF8*$!
{
	archiveVersion = 1;
	classes = {
	};
	objectVersion = 56;
	objects = {

/* Begin PBXBuildFile section */
		BB672D932D46B0AD0042B9BA /* AppDelegate.swift in Sources */ = {isa = PBXBuildFile; fileRef = BB672D922D46B0AD0042B9BA /* AppDelegate.swift */; };
		BB672D972D46B0AD0042B9BA /* HomeViewController.swift in Sources */ = {isa = PBXBuildFile; fileRef = BB672D962D46B0AD0042B9BA /* HomeViewController.swift */; };
		BB672D9C2D46B0AF0042B9BA /* Assets.xcassets in Resources */ = {isa = PBXBuildFile; fileRef = BB672D9B2D46B0AF0042B9BA /* Assets.xcassets */; };
		BB672DAA2D46B0AF0042B9BA /* UserListAppTests.swift in Sources */ = {isa = PBXBuildFile; fileRef = BB672DA92D46B0AF0042B9BA /* UserListAppTests.swift */; };
		BB672DCD2D46B6120042B9BA /* AppLoader.swift in Sources */ = {isa = PBXBuildFile; fileRef = BB672DCC2D46B6120042B9BA /* AppLoader.swift */; };
		BB672DD22D46B67C0042B9BA /* HomeViewModel.swift in Sources */ = {isa = PBXBuildFile; fileRef = BB672DD12D46B67C0042B9BA /* HomeViewModel.swift */; };
		BB672DD52D46B6AB0042B9BA /* UserRepository.swift in Sources */ = {isa = PBXBuildFile; fileRef = BB672DD42D46B6AB0042B9BA /* UserRepository.swift */; };
		BB672DD72D46B6C70042B9BA /* User.swift in Sources */ = {isa = PBXBuildFile; fileRef = BB672DD62D46B6C70042B9BA /* User.swift */; };
		BB672DDA2D46B6FA0042B9BA /* RemoteUserRepository.swift in Sources */ = {isa = PBXBuildFile; fileRef = BB672DD92D46B6FA0042B9BA /* RemoteUserRepository.swift */; };
		BB672DDC2D46B7510042B9BA /* NetworkManager.swift in Sources */ = {isa = PBXBuildFile; fileRef = BB672DDB2D46B7510042B9BA /* NetworkManager.swift */; };
		BB672DDE2D46B7770042B9BA /* Endpoints.swift in Sources */ = {isa = PBXBuildFile; fileRef = BB672DDD2D46B7770042B9BA /* Endpoints.swift */; };
		BB672DE02D46B7940042B9BA /* ApiRequestBuilder.swift in Sources */ = {isa = PBXBuildFile; fileRef = BB672DDF2D46B7940042B9BA /* ApiRequestBuilder.swift */; };
		BB672DE22D46B7E40042B9BA /* BuildConfiguration.swift in Sources */ = {isa = PBXBuildFile; fileRef = BB672DE12D46B7E40042B9BA /* BuildConfiguration.swift */; };
		BB672DE52D46BDCB0042B9BA /* BaseViewController.swift in Sources */ = {isa = PBXBuildFile; fileRef = BB672DE42D46BDCB0042B9BA /* BaseViewController.swift */; };
		BB672DE72D46BDEF0042B9BA /* UIViewController+Alertable.swift in Sources */ = {isa = PBXBuildFile; fileRef = BB672DE62D46BDEF0042B9BA /* UIViewController+Alertable.swift */; };
		BB672DEA2D46BE450042B9BA /* UITableView+NibRegistering.swift in Sources */ = {isa = PBXBuildFile; fileRef = BB672DE92D46BE450042B9BA /* UITableView+NibRegistering.swift */; };
		BB672DED2D46BF140042B9BA /* UserListTableViewCell.swift in Sources */ = {isa = PBXBuildFile; fileRef = BB672DEC2D46BF140042B9BA /* UserListTableViewCell.swift */; };
		BB672DF12D46BF6E0042B9BA /* UserListItemView.swift in Sources */ = {isa = PBXBuildFile; fileRef = BB672DF02D46BF6E0042B9BA /* UserListItemView.swift */; };
		BB672DF32D46BFD50042B9BA /* UserListItemView+Display.swift in Sources */ = {isa = PBXBuildFile; fileRef = BB672DF22D46BFD50042B9BA /* UserListItemView+Display.swift */; };
		BB672DF62D46C0330042B9BA /* AvatarView.swift in Sources */ = {isa = PBXBuildFile; fileRef = BB672DF52D46C0330042B9BA /* AvatarView.swift */; };
		BB672DFB2D46C25B0042B9BA /* UserDetailViewController.swift in Sources */ = {isa = PBXBuildFile; fileRef = BB672DFA2D46C25B0042B9BA /* UserDetailViewController.swift */; };
		BB672DFD2D46C2A00042B9BA /* UserDetailViewModel.swift in Sources */ = {isa = PBXBuildFile; fileRef = BB672DFC2D46C2A00042B9BA /* UserDetailViewModel.swift */; };
		BB672E002D46C32B0042B9BA /* UserInfoListView.swift in Sources */ = {isa = PBXBuildFile; fileRef = BB672DFF2D46C32B0042B9BA /* UserInfoListView.swift */; };
		BB672E022D46C34E0042B9BA /* UserInfoListView+Display.swift in Sources */ = {isa = PBXBuildFile; fileRef = BB672E012D46C34E0042B9BA /* UserInfoListView+Display.swift */; };
/* End PBXBuildFile section */

/* Begin PBXContainerItemProxy section */
		BB672DA62D46B0AF0042B9BA /* PBXContainerItemProxy */ = {
			isa = PBXContainerItemProxy;
			containerPortal = BB672D872D46B0AD0042B9BA /* Project object */;
			proxyType = 1;
			remoteGlobalIDString = BB672D8E2D46B0AD0042B9BA;
			remoteInfo = UserListApp;
		};
/* End PBXContainerItemProxy section */

/* Begin PBXFileReference section */
		BB672D8F2D46B0AD0042B9BA /* UserList.app */ = {isa = PBXFileReference; explicitFileType = wrapper.application; includeInIndex = 0; path = UserList.app; sourceTree = BUILT_PRODUCTS_DIR; };
		BB672D922D46B0AD0042B9BA /* AppDelegate.swift */ = {isa = PBXFileReference; lastKnownFileType = sourcecode.swift; path = AppDelegate.swift; sourceTree = "<group>"; };
		BB672D962D46B0AD0042B9BA /* HomeViewController.swift */ = {isa = PBXFileReference; lastKnownFileType = sourcecode.swift; path = HomeViewController.swift; sourceTree = "<group>"; };
		BB672D9B2D46B0AF0042B9BA /* Assets.xcassets */ = {isa = PBXFileReference; lastKnownFileType = folder.assetcatalog; path = Assets.xcassets; sourceTree = "<group>"; };
		BB672DA02D46B0AF0042B9BA /* Info.plist */ = {isa = PBXFileReference; lastKnownFileType = text.plist.xml; path = Info.plist; sourceTree = "<group>"; };
		BB672DA52D46B0AF0042B9BA /* UserListAppTests.xctest */ = {isa = PBXFileReference; explicitFileType = wrapper.cfbundle; includeInIndex = 0; path = UserListAppTests.xctest; sourceTree = BUILT_PRODUCTS_DIR; };
		BB672DA92D46B0AF0042B9BA /* UserListAppTests.swift */ = {isa = PBXFileReference; lastKnownFileType = sourcecode.swift; path = UserListAppTests.swift; sourceTree = "<group>"; };
		BB672DCC2D46B6120042B9BA /* AppLoader.swift */ = {isa = PBXFileReference; lastKnownFileType = sourcecode.swift; path = AppLoader.swift; sourceTree = "<group>"; };
		BB672DD12D46B67C0042B9BA /* HomeViewModel.swift */ = {isa = PBXFileReference; lastKnownFileType = sourcecode.swift; path = HomeViewModel.swift; sourceTree = "<group>"; };
		BB672DD42D46B6AB0042B9BA /* UserRepository.swift */ = {isa = PBXFileReference; lastKnownFileType = sourcecode.swift; path = UserRepository.swift; sourceTree = "<group>"; };
		BB672DD62D46B6C70042B9BA /* User.swift */ = {isa = PBXFileReference; lastKnownFileType = sourcecode.swift; path = User.swift; sourceTree = "<group>"; };
		BB672DD92D46B6FA0042B9BA /* RemoteUserRepository.swift */ = {isa = PBXFileReference; lastKnownFileType = sourcecode.swift; path = RemoteUserRepository.swift; sourceTree = "<group>"; };
		BB672DDB2D46B7510042B9BA /* NetworkManager.swift */ = {isa = PBXFileReference; lastKnownFileType = sourcecode.swift; path = NetworkManager.swift; sourceTree = "<group>"; };
		BB672DDD2D46B7770042B9BA /* Endpoints.swift */ = {isa = PBXFileReference; lastKnownFileType = sourcecode.swift; path = Endpoints.swift; sourceTree = "<group>"; };
		BB672DDF2D46B7940042B9BA /* ApiRequestBuilder.swift */ = {isa = PBXFileReference; lastKnownFileType = sourcecode.swift; path = ApiRequestBuilder.swift; sourceTree = "<group>"; };
		BB672DE12D46B7E40042B9BA /* BuildConfiguration.swift */ = {isa = PBXFileReference; lastKnownFileType = sourcecode.swift; path = BuildConfiguration.swift; sourceTree = "<group>"; };
		BB672DE32D46B81B0042B9BA /* UserListAppConfig.xcconfig */ = {isa = PBXFileReference; lastKnownFileType = text.xcconfig; path = UserListAppConfig.xcconfig; sourceTree = "<group>"; };
		BB672DE42D46BDCB0042B9BA /* BaseViewController.swift */ = {isa = PBXFileReference; lastKnownFileType = sourcecode.swift; path = BaseViewController.swift; sourceTree = "<group>"; };
		BB672DE62D46BDEF0042B9BA /* UIViewController+Alertable.swift */ = {isa = PBXFileReference; lastKnownFileType = sourcecode.swift; path = "UIViewController+Alertable.swift"; sourceTree = "<group>"; };
		BB672DE92D46BE450042B9BA /* UITableView+NibRegistering.swift */ = {isa = PBXFileReference; lastKnownFileType = sourcecode.swift; path = "UITableView+NibRegistering.swift"; sourceTree = "<group>"; };
		BB672DEC2D46BF140042B9BA /* UserListTableViewCell.swift */ = {isa = PBXFileReference; lastKnownFileType = sourcecode.swift; path = UserListTableViewCell.swift; sourceTree = "<group>"; };
		BB672DF02D46BF6E0042B9BA /* UserListItemView.swift */ = {isa = PBXFileReference; lastKnownFileType = sourcecode.swift; path = UserListItemView.swift; sourceTree = "<group>"; };
		BB672DF22D46BFD50042B9BA /* UserListItemView+Display.swift */ = {isa = PBXFileReference; lastKnownFileType = sourcecode.swift; path = "UserListItemView+Display.swift"; sourceTree = "<group>"; };
		BB672DF52D46C0330042B9BA /* AvatarView.swift */ = {isa = PBXFileReference; lastKnownFileType = sourcecode.swift; path = AvatarView.swift; sourceTree = "<group>"; };
		BB672DFA2D46C25B0042B9BA /* UserDetailViewController.swift */ = {isa = PBXFileReference; lastKnownFileType = sourcecode.swift; path = UserDetailViewController.swift; sourceTree = "<group>"; };
		BB672DFC2D46C2A00042B9BA /* UserDetailViewModel.swift */ = {isa = PBXFileReference; lastKnownFileType = sourcecode.swift; path = UserDetailViewModel.swift; sourceTree = "<group>"; };
		BB672DFF2D46C32B0042B9BA /* UserInfoListView.swift */ = {isa = PBXFileReference; lastKnownFileType = sourcecode.swift; path = UserInfoListView.swift; sourceTree = "<group>"; };
		BB672E012D46C34E0042B9BA /* UserInfoListView+Display.swift */ = {isa = PBXFileReference; lastKnownFileType = sourcecode.swift; path = "UserInfoListView+Display.swift"; sourceTree = "<group>"; };
/* End PBXFileReference section */

/* Begin PBXFrameworksBuildPhase section */
		BB672D8C2D46B0AD0042B9BA /* Frameworks */ = {
			isa = PBXFrameworksBuildPhase;
			buildActionMask = 2147483647;
			files = (
			);
			runOnlyForDeploymentPostprocessing = 0;
		};
		BB672DA22D46B0AF0042B9BA /* Frameworks */ = {
			isa = PBXFrameworksBuildPhase;
			buildActionMask = 2147483647;
			files = (
			);
			runOnlyForDeploymentPostprocessing = 0;
		};
/* End PBXFrameworksBuildPhase section */

/* Begin PBXGroup section */
		BB672D862D46B0AD0042B9BA = {
			isa = PBXGroup;
			children = (
				BB672D912D46B0AD0042B9BA /* UserListApp */,
				BB672DA82D46B0AF0042B9BA /* UserListAppTests */,
				BB672D902D46B0AD0042B9BA /* Products */,
			);
			sourceTree = "<group>";
		};
		BB672D902D46B0AD0042B9BA /* Products */ = {
			isa = PBXGroup;
			children = (
				BB672D8F2D46B0AD0042B9BA /* UserList.app */,
				BB672DA52D46B0AF0042B9BA /* UserListAppTests.xctest */,
			);
			name = Products;
			sourceTree = "<group>";
		};
		BB672D912D46B0AD0042B9BA /* UserListApp */ = {
			isa = PBXGroup;
			children = (
				BB672DC22D46B0EA0042B9BA /* App */,
				BB672DC32D46B0F00042B9BA /* Common */,
				BB672DC42D46B0F60042B9BA /* Config */,
				BB672DC52D46B0FD0042B9BA /* Models */,
				BB672DC62D46B1030042B9BA /* Network */,
				BB672DC72D46B1080042B9BA /* Repositories */,
				BB672DC82D46B1110042B9BA /* Resources */,
				BB672DC92D46B1170042B9BA /* Screens */,
				BB672DCA2D46B11D0042B9BA /* SupportingFiles */,
				BB672DCB2D46B1250042B9BA /* Utils */,
			);
			path = UserListApp;
			sourceTree = "<group>";
		};
		BB672DA82D46B0AF0042B9BA /* UserListAppTests */ = {
			isa = PBXGroup;
			children = (
				BB672DA92D46B0AF0042B9BA /* UserListAppTests.swift */,
			);
			path = UserListAppTests;
			sourceTree = "<group>";
		};
		BB672DC22D46B0EA0042B9BA /* App */ = {
			isa = PBXGroup;
			children = (
				BB672D922D46B0AD0042B9BA /* AppDelegate.swift */,
				BB672DCC2D46B6120042B9BA /* AppLoader.swift */,
			);
			path = App;
			sourceTree = "<group>";
		};
		BB672DC32D46B0F00042B9BA /* Common */ = {
			isa = PBXGroup;
			children = (
				BB672DF42D46C01E0042B9BA /* Components */,
				BB672DE42D46BDCB0042B9BA /* BaseViewController.swift */,
			);
			path = Common;
			sourceTree = "<group>";
		};
		BB672DC42D46B0F60042B9BA /* Config */ = {
			isa = PBXGroup;
			children = (
				BB672DE12D46B7E40042B9BA /* BuildConfiguration.swift */,
				BB672DE32D46B81B0042B9BA /* UserListAppConfig.xcconfig */,
			);
			path = Config;
			sourceTree = "<group>";
		};
		BB672DC52D46B0FD0042B9BA /* Models */ = {
			isa = PBXGroup;
			children = (
				BB672DD62D46B6C70042B9BA /* User.swift */,
			);
			path = Models;
			sourceTree = "<group>";
		};
		BB672DC62D46B1030042B9BA /* Network */ = {
			isa = PBXGroup;
			children = (
				BB672DDF2D46B7940042B9BA /* ApiRequestBuilder.swift */,
				BB672DDD2D46B7770042B9BA /* Endpoints.swift */,
				BB672DDB2D46B7510042B9BA /* NetworkManager.swift */,
			);
			path = Network;
			sourceTree = "<group>";
		};
		BB672DC72D46B1080042B9BA /* Repositories */ = {
			isa = PBXGroup;
			children = (
				BB672DD32D46B69C0042B9BA /* UserRepository */,
			);
			path = Repositories;
			sourceTree = "<group>";
		};
		BB672DC82D46B1110042B9BA /* Resources */ = {
			isa = PBXGroup;
			children = (
				BB672D9B2D46B0AF0042B9BA /* Assets.xcassets */,
			);
			path = Resources;
			sourceTree = "<group>";
		};
		BB672DC92D46B1170042B9BA /* Screens */ = {
			isa = PBXGroup;
			children = (
				BB672DCE2D46B6600042B9BA /* Home */,
				BB672DF72D46C23A0042B9BA /* UserDetail */,
			);
			path = Screens;
			sourceTree = "<group>";
		};
		BB672DCA2D46B11D0042B9BA /* SupportingFiles */ = {
			isa = PBXGroup;
			children = (
				BB672DA02D46B0AF0042B9BA /* Info.plist */,
			);
			path = SupportingFiles;
			sourceTree = "<group>";
		};
		BB672DCB2D46B1250042B9BA /* Utils */ = {
			isa = PBXGroup;
			children = (
				BB672DE82D46BE340042B9BA /* Extensions */,
			);
			path = Utils;
			sourceTree = "<group>";
		};
		BB672DCE2D46B6600042B9BA /* Home */ = {
			isa = PBXGroup;
			children = (
				BB672DCF2D46B6670042B9BA /* ViewController */,
				BB672DD02D46B6710042B9BA /* ViewModel */,
				BB672DEB2D46BEFE0042B9BA /* Views */,
			);
			path = Home;
			sourceTree = "<group>";
		};
		BB672DCF2D46B6670042B9BA /* ViewController */ = {
			isa = PBXGroup;
			children = (
				BB672D962D46B0AD0042B9BA /* HomeViewController.swift */,
			);
			path = ViewController;
			sourceTree = "<group>";
		};
		BB672DD02D46B6710042B9BA /* ViewModel */ = {
			isa = PBXGroup;
			children = (
				BB672DD12D46B67C0042B9BA /* HomeViewModel.swift */,
			);
			path = ViewModel;
			sourceTree = "<group>";
		};
		BB672DD32D46B69C0042B9BA /* UserRepository */ = {
			isa = PBXGroup;
			children = (
				BB672DD42D46B6AB0042B9BA /* UserRepository.swift */,
				BB672DD82D46B6ED0042B9BA /* Remote */,
			);
			path = UserRepository;
			sourceTree = "<group>";
		};
		BB672DD82D46B6ED0042B9BA /* Remote */ = {
			isa = PBXGroup;
			children = (
				BB672DD92D46B6FA0042B9BA /* RemoteUserRepository.swift */,
			);
			path = Remote;
			sourceTree = "<group>";
		};
		BB672DE82D46BE340042B9BA /* Extensions */ = {
			isa = PBXGroup;
			children = (
				BB672DE92D46BE450042B9BA /* UITableView+NibRegistering.swift */,
				BB672DE62D46BDEF0042B9BA /* UIViewController+Alertable.swift */,
			);
			path = Extensions;
			sourceTree = "<group>";
		};
		BB672DEB2D46BEFE0042B9BA /* Views */ = {
			isa = PBXGroup;
			children = (
				BB672DEE2D46BF3D0042B9BA /* UserListTableViewCell */,
			);
			path = Views;
			sourceTree = "<group>";
		};
		BB672DEE2D46BF3D0042B9BA /* UserListTableViewCell */ = {
			isa = PBXGroup;
			children = (
				BB672DEF2D46BF580042B9BA /* UserListItemView */,
				BB672DEC2D46BF140042B9BA /* UserListTableViewCell.swift */,
			);
			path = UserListTableViewCell;
			sourceTree = "<group>";
		};
		BB672DEF2D46BF580042B9BA /* UserListItemView */ = {
			isa = PBXGroup;
			children = (
				BB672DF02D46BF6E0042B9BA /* UserListItemView.swift */,
				BB672DF22D46BFD50042B9BA /* UserListItemView+Display.swift */,
			);
			path = UserListItemView;
			sourceTree = "<group>";
		};
		BB672DF42D46C01E0042B9BA /* Components */ = {
			isa = PBXGroup;
			children = (
				BB672DF52D46C0330042B9BA /* AvatarView.swift */,
			);
			path = Components;
			sourceTree = "<group>";
		};
		BB672DF72D46C23A0042B9BA /* UserDetail */ = {
			isa = PBXGroup;
			children = (
				BB672DF82D46C2420042B9BA /* ViewController */,
				BB672DF92D46C2480042B9BA /* ViewModel */,
				BB672DFE2D46C2FA0042B9BA /* Views */,
			);
			path = UserDetail;
			sourceTree = "<group>";
		};
		BB672DF82D46C2420042B9BA /* ViewController */ = {
			isa = PBXGroup;
			children = (
				BB672DFA2D46C25B0042B9BA /* UserDetailViewController.swift */,
			);
			path = ViewController;
			sourceTree = "<group>";
		};
		BB672DF92D46C2480042B9BA /* ViewModel */ = {
			isa = PBXGroup;
			children = (
				BB672DFC2D46C2A00042B9BA /* UserDetailViewModel.swift */,
			);
			path = ViewModel;
			sourceTree = "<group>";
		};
		BB672DFE2D46C2FA0042B9BA /* Views */ = {
			isa = PBXGroup;
			children = (
				BB672DFF2D46C32B0042B9BA /* UserInfoListView.swift */,
				BB672E012D46C34E0042B9BA /* UserInfoListView+Display.swift */,
			);
			path = Views;
			sourceTree = "<group>";
		};
/* End PBXGroup section */

/* Begin PBXNativeTarget section */
		BB672D8E2D46B0AD0042B9BA /* UserListApp */ = {
			isa = PBXNativeTarget;
			buildConfigurationList = BB672DB92D46B0B00042B9BA /* Build configuration list for PBXNativeTarget "UserListApp" */;
			buildPhases = (
				BB672D8B2D46B0AD0042B9BA /* Sources */,
				BB672D8C2D46B0AD0042B9BA /* Frameworks */,
				BB672D8D2D46B0AD0042B9BA /* Resources */,
			);
			buildRules = (
			);
			dependencies = (
			);
			name = UserListApp;
			productName = UserListApp;
			productReference = BB672D8F2D46B0AD0042B9BA /* UserList.app */;
			productType = "com.apple.product-type.application";
		};
		BB672DA42D46B0AF0042B9BA /* UserListAppTests */ = {
			isa = PBXNativeTarget;
			buildConfigurationList = BB672DBC2D46B0B00042B9BA /* Build configuration list for PBXNativeTarget "UserListAppTests" */;
			buildPhases = (
				BB672DA12D46B0AF0042B9BA /* Sources */,
				BB672DA22D46B0AF0042B9BA /* Frameworks */,
				BB672DA32D46B0AF0042B9BA /* Resources */,
			);
			buildRules = (
			);
			dependencies = (
				BB672DA72D46B0AF0042B9BA /* PBXTargetDependency */,
			);
			name = UserListAppTests;
			productName = UserListAppTests;
			productReference = BB672DA52D46B0AF0042B9BA /* UserListAppTests.xctest */;
			productType = "com.apple.product-type.bundle.unit-test";
		};
/* End PBXNativeTarget section */

/* Begin PBXProject section */
		BB672D872D46B0AD0042B9BA /* Project object */ = {
			isa = PBXProject;
			attributes = {
				BuildIndependentTargetsInParallel = 1;
				LastSwiftUpdateCheck = 1520;
				LastUpgradeCheck = 1520;
				TargetAttributes = {
					BB672D8E2D46B0AD0042B9BA = {
						CreatedOnToolsVersion = 15.2;
					};
					BB672DA42D46B0AF0042B9BA = {
						CreatedOnToolsVersion = 15.2;
						TestTargetID = BB672D8E2D46B0AD0042B9BA;
					};
				};
			};
			buildConfigurationList = BB672D8A2D46B0AD0042B9BA /* Build configuration list for PBXProject "UserListApp" */;
			compatibilityVersion = "Xcode 14.0";
			developmentRegion = en;
			hasScannedForEncodings = 0;
			knownRegions = (
				en,
				Base,
			);
			mainGroup = BB672D862D46B0AD0042B9BA;
			productRefGroup = BB672D902D46B0AD0042B9BA /* Products */;
			projectDirPath = "";
			projectRoot = "";
			targets = (
				BB672D8E2D46B0AD0042B9BA /* UserListApp */,
				BB672DA42D46B0AF0042B9BA /* UserListAppTests */,
			);
		};
/* End PBXProject section */

/* Begin PBXResourcesBuildPhase section */
		BB672D8D2D46B0AD0042B9BA /* Resources */ = {
			isa = PBXResourcesBuildPhase;
			buildActionMask = 2147483647;
			files = (
				BB672D9C2D46B0AF0042B9BA /* Assets.xcassets in Resources */,
			);
			runOnlyForDeploymentPostprocessing = 0;
		};
		BB672DA32D46B0AF0042B9BA /* Resources */ = {
			isa = PBXResourcesBuildPhase;
			buildActionMask = 2147483647;
			files = (
			);
			runOnlyForDeploymentPostprocessing = 0;
		};
/* End PBXResourcesBuildPhase section */

/* Begin PBXSourcesBuildPhase section */
		BB672D8B2D46B0AD0042B9BA /* Sources */ = {
			isa = PBXSourcesBuildPhase;
			buildActionMask = 2147483647;
			files = (
				BB672DCD2D46B6120042B9BA /* AppLoader.swift in Sources */,
				BB672D972D46B0AD0042B9BA /* HomeViewController.swift in Sources */,
				BB672DDA2D46B6FA0042B9BA /* RemoteUserRepository.swift in Sources */,
				BB672DFD2D46C2A00042B9BA /* UserDetailViewModel.swift in Sources */,
				BB672DD72D46B6C70042B9BA /* User.swift in Sources */,
				BB672DDC2D46B7510042B9BA /* NetworkManager.swift in Sources */,
				BB672E022D46C34E0042B9BA /* UserInfoListView+Display.swift in Sources */,
				BB672DF12D46BF6E0042B9BA /* UserListItemView.swift in Sources */,
				BB672DE72D46BDEF0042B9BA /* UIViewController+Alertable.swift in Sources */,
				BB672DF62D46C0330042B9BA /* AvatarView.swift in Sources */,
				BB672DE52D46BDCB0042B9BA /* BaseViewController.swift in Sources */,
				BB672E002D46C32B0042B9BA /* UserInfoListView.swift in Sources */,
				BB672D932D46B0AD0042B9BA /* AppDelegate.swift in Sources */,
				BB672DFB2D46C25B0042B9BA /* UserDetailViewController.swift in Sources */,
				BB672DD52D46B6AB0042B9BA /* UserRepository.swift in Sources */,
				BB672DDE2D46B7770042B9BA /* Endpoints.swift in Sources */,
				BB672DF32D46BFD50042B9BA /* UserListItemView+Display.swift in Sources */,
				BB672DED2D46BF140042B9BA /* UserListTableViewCell.swift in Sources */,
				BB672DEA2D46BE450042B9BA /* UITableView+NibRegistering.swift in Sources */,
				BB672DE02D46B7940042B9BA /* ApiRequestBuilder.swift in Sources */,
				BB672DE22D46B7E40042B9BA /* BuildConfiguration.swift in Sources */,
				BB672DD22D46B67C0042B9BA /* HomeViewModel.swift in Sources */,
			);
			runOnlyForDeploymentPostprocessing = 0;
		};
		BB672DA12D46B0AF0042B9BA /* Sources */ = {
			isa = PBXSourcesBuildPhase;
			buildActionMask = 2147483647;
			files = (
				BB672DAA2D46B0AF0042B9BA /* UserListAppTests.swift in Sources */,
			);
			runOnlyForDeploymentPostprocessing = 0;
		};
/* End PBXSourcesBuildPhase section */

/* Begin PBXTargetDependency section */
		BB672DA72D46B0AF0042B9BA /* PBXTargetDependency */ = {
			isa = PBXTargetDependency;
			target = BB672D8E2D46B0AD0042B9BA /* UserListApp */;
			targetProxy = BB672DA62D46B0AF0042B9BA /* PBXContainerItemProxy */;
		};
/* End PBXTargetDependency section */

/* Begin XCBuildConfiguration section */
		BB672DB72D46B0B00042B9BA /* Debug */ = {
			isa = XCBuildConfiguration;
			buildSettings = {
				ALWAYS_SEARCH_USER_PATHS = NO;
				ASSETCATALOG_COMPILER_GENERATE_SWIFT_ASSET_SYMBOL_EXTENSIONS = YES;
				CLANG_ANALYZER_NONNULL = YES;
				CLANG_ANALYZER_NUMBER_OBJECT_CONVERSION = YES_AGGRESSIVE;
				CLANG_CXX_LANGUAGE_STANDARD = "gnu++20";
				CLANG_ENABLE_MODULES = YES;
				CLANG_ENABLE_OBJC_ARC = YES;
				CLANG_ENABLE_OBJC_WEAK = YES;
				CLANG_WARN_BLOCK_CAPTURE_AUTORELEASING = YES;
				CLANG_WARN_BOOL_CONVERSION = YES;
				CLANG_WARN_COMMA = YES;
				CLANG_WARN_CONSTANT_CONVERSION = YES;
				CLANG_WARN_DEPRECATED_OBJC_IMPLEMENTATIONS = YES;
				CLANG_WARN_DIRECT_OBJC_ISA_USAGE = YES_ERROR;
				CLANG_WARN_DOCUMENTATION_COMMENTS = YES;
				CLANG_WARN_EMPTY_BODY = YES;
				CLANG_WARN_ENUM_CONVERSION = YES;
				CLANG_WARN_INFINITE_RECURSION = YES;
				CLANG_WARN_INT_CONVERSION = YES;
				CLANG_WARN_NON_LITERAL_NULL_CONVERSION = YES;
				CLANG_WARN_OBJC_IMPLICIT_RETAIN_SELF = YES;
				CLANG_WARN_OBJC_LITERAL_CONVERSION = YES;
				CLANG_WARN_OBJC_ROOT_CLASS = YES_ERROR;
				CLANG_WARN_QUOTED_INCLUDE_IN_FRAMEWORK_HEADER = YES;
				CLANG_WARN_RANGE_LOOP_ANALYSIS = YES;
				CLANG_WARN_STRICT_PROTOTYPES = YES;
				CLANG_WARN_SUSPICIOUS_MOVE = YES;
				CLANG_WARN_UNGUARDED_AVAILABILITY = YES_AGGRESSIVE;
				CLANG_WARN_UNREACHABLE_CODE = YES;
				CLANG_WARN__DUPLICATE_METHOD_MATCH = YES;
				COPY_PHASE_STRIP = NO;
				DEBUG_INFORMATION_FORMAT = dwarf;
				ENABLE_STRICT_OBJC_MSGSEND = YES;
				ENABLE_TESTABILITY = YES;
				ENABLE_USER_SCRIPT_SANDBOXING = YES;
				GCC_C_LANGUAGE_STANDARD = gnu17;
				GCC_DYNAMIC_NO_PIC = NO;
				GCC_NO_COMMON_BLOCKS = YES;
				GCC_OPTIMIZATION_LEVEL = 0;
				GCC_PREPROCESSOR_DEFINITIONS = (
					"DEBUG=1",
					"$(inherited)",
				);
				GCC_WARN_64_TO_32_BIT_CONVERSION = YES;
				GCC_WARN_ABOUT_RETURN_TYPE = YES_ERROR;
				GCC_WARN_UNDECLARED_SELECTOR = YES;
				GCC_WARN_UNINITIALIZED_AUTOS = YES_AGGRESSIVE;
				GCC_WARN_UNUSED_FUNCTION = YES;
				GCC_WARN_UNUSED_VARIABLE = YES;
				IPHONEOS_DEPLOYMENT_TARGET = 16.0;
				LOCALIZATION_PREFERS_STRING_CATALOGS = YES;
				MTL_ENABLE_DEBUG_INFO = INCLUDE_SOURCE;
				MTL_FAST_MATH = YES;
				ONLY_ACTIVE_ARCH = YES;
				SDKROOT = iphoneos;
				SWIFT_ACTIVE_COMPILATION_CONDITIONS = "DEBUG $(inherited)";
				SWIFT_OPTIMIZATION_LEVEL = "-Onone";
			};
			name = Debug;
		};
		BB672DB82D46B0B00042B9BA /* Release */ = {
			isa = XCBuildConfiguration;
			buildSettings = {
				ALWAYS_SEARCH_USER_PATHS = NO;
				ASSETCATALOG_COMPILER_GENERATE_SWIFT_ASSET_SYMBOL_EXTENSIONS = YES;
				CLANG_ANALYZER_NONNULL = YES;
				CLANG_ANALYZER_NUMBER_OBJECT_CONVERSION = YES_AGGRESSIVE;
				CLANG_CXX_LANGUAGE_STANDARD = "gnu++20";
				CLANG_ENABLE_MODULES = YES;
				CLANG_ENABLE_OBJC_ARC = YES;
				CLANG_ENABLE_OBJC_WEAK = YES;
				CLANG_WARN_BLOCK_CAPTURE_AUTORELEASING = YES;
				CLANG_WARN_BOOL_CONVERSION = YES;
				CLANG_WARN_COMMA = YES;
				CLANG_WARN_CONSTANT_CONVERSION = YES;
				CLANG_WARN_DEPRECATED_OBJC_IMPLEMENTATIONS = YES;
				CLANG_WARN_DIRECT_OBJC_ISA_USAGE = YES_ERROR;
				CLANG_WARN_DOCUMENTATION_COMMENTS = YES;
				CLANG_WARN_EMPTY_BODY = YES;
				CLANG_WARN_ENUM_CONVERSION = YES;
				CLANG_WARN_INFINITE_RECURSION = YES;
				CLANG_WARN_INT_CONVERSION = YES;
				CLANG_WARN_NON_LITERAL_NULL_CONVERSION = YES;
				CLANG_WARN_OBJC_IMPLICIT_RETAIN_SELF = YES;
				CLANG_WARN_OBJC_LITERAL_CONVERSION = YES;
				CLANG_WARN_OBJC_ROOT_CLASS = YES_ERROR;
				CLANG_WARN_QUOTED_INCLUDE_IN_FRAMEWORK_HEADER = YES;
				CLANG_WARN_RANGE_LOOP_ANALYSIS = YES;
				CLANG_WARN_STRICT_PROTOTYPES = YES;
				CLANG_WARN_SUSPICIOUS_MOVE = YES;
				CLANG_WARN_UNGUARDED_AVAILABILITY = YES_AGGRESSIVE;
				CLANG_WARN_UNREACHABLE_CODE = YES;
				CLANG_WARN__DUPLICATE_METHOD_MATCH = YES;
				COPY_PHASE_STRIP = NO;
				DEBUG_INFORMATION_FORMAT = "dwarf-with-dsym";
				ENABLE_NS_ASSERTIONS = NO;
				ENABLE_STRICT_OBJC_MSGSEND = YES;
				ENABLE_USER_SCRIPT_SANDBOXING = YES;
				GCC_C_LANGUAGE_STANDARD = gnu17;
				GCC_NO_COMMON_BLOCKS = YES;
				GCC_WARN_64_TO_32_BIT_CONVERSION = YES;
				GCC_WARN_ABOUT_RETURN_TYPE = YES_ERROR;
				GCC_WARN_UNDECLARED_SELECTOR = YES;
				GCC_WARN_UNINITIALIZED_AUTOS = YES_AGGRESSIVE;
				GCC_WARN_UNUSED_FUNCTION = YES;
				GCC_WARN_UNUSED_VARIABLE = YES;
				IPHONEOS_DEPLOYMENT_TARGET = 16.0;
				LOCALIZATION_PREFERS_STRING_CATALOGS = YES;
				MTL_ENABLE_DEBUG_INFO = NO;
				MTL_FAST_MATH = YES;
				SDKROOT = iphoneos;
				SWIFT_COMPILATION_MODE = wholemodule;
				VALIDATE_PRODUCT = YES;
			};
			name = Release;
		};
		BB672DBA2D46B0B00042B9BA /* Debug */ = {
			isa = XCBuildConfiguration;
			baseConfigurationReference = BB672DE32D46B81B0042B9BA /* UserListAppConfig.xcconfig */;
			buildSettings = {
				ASSETCATALOG_COMPILER_APPICON_NAME = AppIcon;
				ASSETCATALOG_COMPILER_GLOBAL_ACCENT_COLOR_NAME = AccentColor;
				CODE_SIGN_STYLE = Automatic;
				CURRENT_PROJECT_VERSION = 1;
				DEVELOPMENT_TEAM = FR9Z5KU44J;
				GENERATE_INFOPLIST_FILE = YES;
				INFOPLIST_FILE = UserListApp/SupportingFiles/Info.plist;
				INFOPLIST_KEY_CFBundleDisplayName = "$(PRODUCT_NAME)";
				INFOPLIST_KEY_UIApplicationSupportsIndirectInputEvents = YES;
				INFOPLIST_KEY_UILaunchStoryboardName = "";
				INFOPLIST_KEY_UIMainStoryboardFile = "";
				INFOPLIST_KEY_UISupportedInterfaceOrientations = UIInterfaceOrientationPortrait;
				INFOPLIST_KEY_UIUserInterfaceStyle = Light;
				LD_RUNPATH_SEARCH_PATHS = (
					"$(inherited)",
					"@executable_path/Frameworks",
				);
				MARKETING_VERSION = 1.0;
				PRODUCT_BUNDLE_IDENTIFIER = com.amor.UserListApp;
				PRODUCT_NAME = "$(PRODUCT_NAME)";
				SUPPORTED_PLATFORMS = "iphoneos iphonesimulator";
				SUPPORTS_MACCATALYST = NO;
				SUPPORTS_MAC_DESIGNED_FOR_IPHONE_IPAD = NO;
				SUPPORTS_XR_DESIGNED_FOR_IPHONE_IPAD = NO;
				SWIFT_EMIT_LOC_STRINGS = YES;
				SWIFT_VERSION = 5.0;
				TARGETED_DEVICE_FAMILY = "1,2";
			};
			name = Debug;
		};
		BB672DBB2D46B0B00042B9BA /* Release */ = {
			isa = XCBuildConfiguration;
			baseConfigurationReference = BB672DE32D46B81B0042B9BA /* UserListAppConfig.xcconfig */;
			buildSettings = {
				ASSETCATALOG_COMPILER_APPICON_NAME = AppIcon;
				ASSETCATALOG_COMPILER_GLOBAL_ACCENT_COLOR_NAME = AccentColor;
				CODE_SIGN_STYLE = Automatic;
				CURRENT_PROJECT_VERSION = 1;
				DEVELOPMENT_TEAM = FR9Z5KU44J;
				GENERATE_INFOPLIST_FILE = YES;
				INFOPLIST_FILE = UserListApp/SupportingFiles/Info.plist;
				INFOPLIST_KEY_CFBundleDisplayName = "$(PRODUCT_NAME)";
				INFOPLIST_KEY_UIApplicationSupportsIndirectInputEvents = YES;
				INFOPLIST_KEY_UILaunchStoryboardName = "";
				INFOPLIST_KEY_UIMainStoryboardFile = "";
				INFOPLIST_KEY_UISupportedInterfaceOrientations = UIInterfaceOrientationPortrait;
				INFOPLIST_KEY_UIUserInterfaceStyle = Light;
				LD_RUNPATH_SEARCH_PATHS = (
					"$(inherited)",
					"@executable_path/Frameworks",
				);
				MARKETING_VERSION = 1.0;
				PRODUCT_BUNDLE_IDENTIFIER = com.amor.UserListApp;
				PRODUCT_NAME = "$(PRODUCT_NAME)";
				SUPPORTED_PLATFORMS = "iphoneos iphonesimulator";
				SUPPORTS_MACCATALYST = NO;
				SUPPORTS_MAC_DESIGNED_FOR_IPHONE_IPAD = NO;
				SUPPORTS_XR_DESIGNED_FOR_IPHONE_IPAD = NO;
				SWIFT_EMIT_LOC_STRINGS = YES;
				SWIFT_VERSION = 5.0;
				TARGETED_DEVICE_FAMILY = "1,2";
			};
			name = Release;
		};
		BB672DBD2D46B0B00042B9BA /* Debug */ = {
			isa = XCBuildConfiguration;
			buildSettings = {
				ALWAYS_EMBED_SWIFT_STANDARD_LIBRARIES = YES;
				BUNDLE_LOADER = "$(TEST_HOST)";
				CODE_SIGN_STYLE = Automatic;
				CURRENT_PROJECT_VERSION = 1;
				DEVELOPMENT_TEAM = FR9Z5KU44J;
				GENERATE_INFOPLIST_FILE = YES;
				IPHONEOS_DEPLOYMENT_TARGET = 17.2;
				MARKETING_VERSION = 1.0;
				PRODUCT_BUNDLE_IDENTIFIER = com.amor.UserListAppTests;
				PRODUCT_NAME = "$(TARGET_NAME)";
				SWIFT_EMIT_LOC_STRINGS = NO;
				SWIFT_VERSION = 5.0;
				TARGETED_DEVICE_FAMILY = "1,2";
				TEST_HOST = "$(BUILT_PRODUCTS_DIR)/UserListApp.app/$(BUNDLE_EXECUTABLE_FOLDER_PATH)/UserListApp";
			};
			name = Debug;
		};
		BB672DBE2D46B0B00042B9BA /* Release */ = {
			isa = XCBuildConfiguration;
			buildSettings = {
				ALWAYS_EMBED_SWIFT_STANDARD_LIBRARIES = YES;
				BUNDLE_LOADER = "$(TEST_HOST)";
				CODE_SIGN_STYLE = Automatic;
				CURRENT_PROJECT_VERSION = 1;
				DEVELOPMENT_TEAM = FR9Z5KU44J;
				GENERATE_INFOPLIST_FILE = YES;
				IPHONEOS_DEPLOYMENT_TARGET = 17.2;
				MARKETING_VERSION = 1.0;
				PRODUCT_BUNDLE_IDENTIFIER = com.amor.UserListAppTests;
				PRODUCT_NAME = "$(TARGET_NAME)";
				SWIFT_EMIT_LOC_STRINGS = NO;
				SWIFT_VERSION = 5.0;
				TARGETED_DEVICE_FAMILY = "1,2";
				TEST_HOST = "$(BUILT_PRODUCTS_DIR)/UserListApp.app/$(BUNDLE_EXECUTABLE_FOLDER_PATH)/UserListApp";
			};
			name = Release;
		};
/* End XCBuildConfiguration section */

/* Begin XCConfigurationList section */
		BB672D8A2D46B0AD0042B9BA /* Build configuration list for PBXProject "UserListApp" */ = {
			isa = XCConfigurationList;
			buildConfigurations = (
				BB672DB72D46B0B00042B9BA /* Debug */,
				BB672DB82D46B0B00042B9BA /* Release */,
			);
			defaultConfigurationIsVisible = 0;
			defaultConfigurationName = Release;
		};
		BB672DB92D46B0B00042B9BA /* Build configuration list for PBXNativeTarget "UserListApp" */ = {
			isa = XCConfigurationList;
			buildConfigurations = (
				BB672DBA2D46B0B00042B9BA /* Debug */,
				BB672DBB2D46B0B00042B9BA /* Release */,
			);
			defaultConfigurationIsVisible = 0;
			defaultConfigurationName = Release;
		};
		BB672DBC2D46B0B00042B9BA /* Build configuration list for PBXNativeTarget "UserListAppTests" */ = {
			isa = XCConfigurationList;
			buildConfigurations = (
				BB672DBD2D46B0B00042B9BA /* Debug */,
				BB672DBE2D46B0B00042B9BA /* Release */,
			);
			defaultConfigurationIsVisible = 0;
			defaultConfigurationName = Release;
		};
/* End XCConfigurationList section */
	};
	rootObject = BB672D872D46B0AD0042B9BA /* Project object */;
}
